
Microsoft Visual Studio Solution File, Format Version 12.00
# Visual Studio Version 17
VisualStudioVersion = 17.3.32804.467
MinimumVisualStudioVersion = 10.0.40219.1
Project("{FAE04EC0-301F-11D3-BF4B-00C04F79EFBC}") = "Spotiflixx", "Spotiflixx\Spotiflixx.csproj", "{EA366D73-DDE9-44CC-B3E1-C0C736DF6CED}"
EndProject
Global
	GlobalSection(SolutionConfigurationPlatforms) = preSolution
		Debug|Any CPU = Debug|Any CPU
		Release|Any CPU = Release|Any CPU
	EndGlobalSection
	GlobalSection(ProjectConfigurationPlatforms) = postSolution
		{EA366D73-DDE9-44CC-B3E1-C0C736DF6CED}.Debug|Any CPU.ActiveCfg = Debug|Any CPU
		{EA366D73-DDE9-44CC-B3E1-C0C736DF6CED}.Debug|Any CPU.Build.0 = Debug|Any CPU
		{EA366D73-DDE9-44CC-B3E1-C0C736DF6CED}.Release|Any CPU.ActiveCfg = Release|Any CPU
		{EA366D73-DDE9-44CC-B3E1-C0C736DF6CED}.Release|Any CPU.Build.0 = Release|Any CPU
	EndGlobalSection
	GlobalSection(SolutionProperties) = preSolution
		HideSolutionNode = FALSE
	EndGlobalSection
	GlobalSection(ExtensibilityGlobals) = postSolution
		SolutionGuid = {6E34C809-D050-4AB0-86E7-F701DB93957E}
	EndGlobalSection
EndGlobal
